
Microsoft Visual Studio Solution File, Format Version 12.00
# Visual Studio Version 17
VisualStudioVersion = 17.4.33213.308
MinimumVisualStudioVersion = 10.0.40219.1
Project("{2150E333-8FDC-42A3-9474-1A3956D46DE8}") = "Server", "Server", "{0B82268C-532E-416F-9F3F-BD420DA62B42}"
EndProject
Project("{9A19103F-16F7-4668-BE54-9A1E7A4F7556}") = "Database", "Server\Database\Database.csproj", "{9AC87E83-3DC9-4A68-AACD-B286B1A74743}"
EndProject
Project("{2150E333-8FDC-42A3-9474-1A3956D46DE8}") = "Browser", "Browser", "{C35E490F-7CBE-43CA-BF39-4F9C19E93A95}"
EndProject
Project("{9A19103F-16F7-4668-BE54-9A1E7A4F7556}") = "InterConnecting", "Browser\InterConnecting\InterConnecting.csproj", "{755263AB-D5DB-4616-8D46-B56BFB5E306D}"
EndProject
Project("{9A19103F-16F7-4668-BE54-9A1E7A4F7556}") = "InterConnecting", "Server\InterConnecting\InterConnecting.csproj", "{F3742F0F-5C0D-4058-89CB-BB58E7F1CC72}"
EndProject
Project("{00D1A9C2-B5F0-4AF3-8072-F6C62B433612}") = "StructuredQueryLanguage", "Server\StructuredQueryLanguage\StructuredQueryLanguage.sqlproj", "{732EF6E8-6651-4590-8B21-82B2D74DC793}"
EndProject
Project("{2150E333-8FDC-42A3-9474-1A3956D46DE8}") = "Software", "Software", "{23E695C4-7020-428D-AF29-62BC47F38881}"
EndProject
Project("{9A19103F-16F7-4668-BE54-9A1E7A4F7556}") = "InterConnecting", "Software\InterConnecting\InterConnecting.csproj", "{BF026979-E753-458C-BA2E-590F209EA3F1}"
EndProject
Project("{2150E333-8FDC-42A3-9474-1A3956D46DE8}") = "Shared", "Shared", "{74B63632-719C-433F-BE16-A7FC6528E9E4}"
EndProject
Project("{9A19103F-16F7-4668-BE54-9A1E7A4F7556}") = "Hosting", "Server\Hosting\Hosting.csproj", "{C0E79969-FAF4-4E4C-B582-5A924FAC2F22}"
EndProject
Project("{9A19103F-16F7-4668-BE54-9A1E7A4F7556}") = "Project", "Shared\Project\Project.csproj", "{4A126A24-7B77-47E2-8017-11AA563C4FB7}"
EndProject
Global
	GlobalSection(SolutionConfigurationPlatforms) = preSolution
		Debug|Any CPU = Debug|Any CPU
		Release|Any CPU = Release|Any CPU
	EndGlobalSection
	GlobalSection(ProjectConfigurationPlatforms) = postSolution
		{9AC87E83-3DC9-4A68-AACD-B286B1A74743}.Debug|Any CPU.ActiveCfg = Debug|Any CPU
		{9AC87E83-3DC9-4A68-AACD-B286B1A74743}.Debug|Any CPU.Build.0 = Debug|Any CPU
		{9AC87E83-3DC9-4A68-AACD-B286B1A74743}.Release|Any CPU.ActiveCfg = Release|Any CPU
		{9AC87E83-3DC9-4A68-AACD-B286B1A74743}.Release|Any CPU.Build.0 = Release|Any CPU
		{755263AB-D5DB-4616-8D46-B56BFB5E306D}.Debug|Any CPU.ActiveCfg = Debug|Any CPU
		{755263AB-D5DB-4616-8D46-B56BFB5E306D}.Debug|Any CPU.Build.0 = Debug|Any CPU
		{755263AB-D5DB-4616-8D46-B56BFB5E306D}.Release|Any CPU.ActiveCfg = Release|Any CPU
		{755263AB-D5DB-4616-8D46-B56BFB5E306D}.Release|Any CPU.Build.0 = Release|Any CPU
		{F3742F0F-5C0D-4058-89CB-BB58E7F1CC72}.Debug|Any CPU.ActiveCfg = Debug|Any CPU
		{F3742F0F-5C0D-4058-89CB-BB58E7F1CC72}.Debug|Any CPU.Build.0 = Debug|Any CPU
		{F3742F0F-5C0D-4058-89CB-BB58E7F1CC72}.Release|Any CPU.ActiveCfg = Release|Any CPU
		{F3742F0F-5C0D-4058-89CB-BB58E7F1CC72}.Release|Any CPU.Build.0 = Release|Any CPU
		{732EF6E8-6651-4590-8B21-82B2D74DC793}.Debug|Any CPU.ActiveCfg = Debug|Any CPU
		{732EF6E8-6651-4590-8B21-82B2D74DC793}.Debug|Any CPU.Build.0 = Debug|Any CPU
		{732EF6E8-6651-4590-8B21-82B2D74DC793}.Debug|Any CPU.Deploy.0 = Debug|Any CPU
		{732EF6E8-6651-4590-8B21-82B2D74DC793}.Release|Any CPU.ActiveCfg = Release|Any CPU
		{732EF6E8-6651-4590-8B21-82B2D74DC793}.Release|Any CPU.Build.0 = Release|Any CPU
		{732EF6E8-6651-4590-8B21-82B2D74DC793}.Release|Any CPU.Deploy.0 = Release|Any CPU
		{BF026979-E753-458C-BA2E-590F209EA3F1}.Debug|Any CPU.ActiveCfg = Debug|Any CPU
		{BF026979-E753-458C-BA2E-590F209EA3F1}.Debug|Any CPU.Build.0 = Debug|Any CPU
		{BF026979-E753-458C-BA2E-590F209EA3F1}.Debug|Any CPU.Deploy.0 = Debug|Any CPU
		{BF026979-E753-458C-BA2E-590F209EA3F1}.Release|Any CPU.ActiveCfg = Release|Any CPU
		{BF026979-E753-458C-BA2E-590F209EA3F1}.Release|Any CPU.Build.0 = Release|Any CPU
		{BF026979-E753-458C-BA2E-590F209EA3F1}.Release|Any CPU.Deploy.0 = Release|Any CPU
		{C0E79969-FAF4-4E4C-B582-5A924FAC2F22}.Debug|Any CPU.ActiveCfg = Debug|Any CPU
		{C0E79969-FAF4-4E4C-B582-5A924FAC2F22}.Debug|Any CPU.Build.0 = Debug|Any CPU
		{C0E79969-FAF4-4E4C-B582-5A924FAC2F22}.Release|Any CPU.ActiveCfg = Release|Any CPU
		{C0E79969-FAF4-4E4C-B582-5A924FAC2F22}.Release|Any CPU.Build.0 = Release|Any CPU
		{4A126A24-7B77-47E2-8017-11AA563C4FB7}.Debug|Any CPU.ActiveCfg = Debug|Any CPU
		{4A126A24-7B77-47E2-8017-11AA563C4FB7}.Debug|Any CPU.Build.0 = Debug|Any CPU
		{4A126A24-7B77-47E2-8017-11AA563C4FB7}.Release|Any CPU.ActiveCfg = Release|Any CPU
		{4A126A24-7B77-47E2-8017-11AA563C4FB7}.Release|Any CPU.Build.0 = Release|Any CPU
	EndGlobalSection
	GlobalSection(SolutionProperties) = preSolution
		HideSolutionNode = FALSE
	EndGlobalSection
	GlobalSection(NestedProjects) = preSolution
		{9AC87E83-3DC9-4A68-AACD-B286B1A74743} = {0B82268C-532E-416F-9F3F-BD420DA62B42}
		{755263AB-D5DB-4616-8D46-B56BFB5E306D} = {C35E490F-7CBE-43CA-BF39-4F9C19E93A95}
		{F3742F0F-5C0D-4058-89CB-BB58E7F1CC72} = {0B82268C-532E-416F-9F3F-BD420DA62B42}
		{732EF6E8-6651-4590-8B21-82B2D74DC793} = {0B82268C-532E-416F-9F3F-BD420DA62B42}
		{BF026979-E753-458C-BA2E-590F209EA3F1} = {23E695C4-7020-428D-AF29-62BC47F38881}
		{C0E79969-FAF4-4E4C-B582-5A924FAC2F22} = {0B82268C-532E-416F-9F3F-BD420DA62B42}
		{4A126A24-7B77-47E2-8017-11AA563C4FB7} = {74B63632-719C-433F-BE16-A7FC6528E9E4}
	EndGlobalSection
	GlobalSection(ExtensibilityGlobals) = postSolution
		SolutionGuid = {5918426E-7ED8-46C6-A512-1D13AEF0D5CF}
	EndGlobalSection
EndGlobal
